
Microsoft Visual Studio Solution File, Format Version 12.00
# Visual Studio Version 16
VisualStudioVersion = 16.0.29709.97
MinimumVisualStudioVersion = 10.0.40219.1
Project("{8BC9CEB8-8B4A-11D0-8D11-00A0C91BC942}") = "endscene_hook", "endscene_hook.vcxproj", "{AAA5CBBD-A5E5-4617-9CBB-7E1BA2F680E4}"
EndProject
Global
	GlobalSection(SolutionConfigurationPlatforms) = preSolution
		Debug|x64 = Debug|x64
		Debug|x86 = Debug|x86
		Release|x64 = Release|x64
		Release|x86 = Release|x86
	EndGlobalSection
	GlobalSection(ProjectConfigurationPlatforms) = postSolution
		{AAA5CBBD-A5E5-4617-9CBB-7E1BA2F680E4}.Debug|x64.ActiveCfg = Debug|x64
		{AAA5CBBD-A5E5-4617-9CBB-7E1BA2F680E4}.Debug|x64.Build.0 = Debug|x64
		{AAA5CBBD-A5E5-4617-9CBB-7E1BA2F680E4}.Debug|x86.ActiveCfg = Debug|Win32
		{AAA5CBBD-A5E5-4617-9CBB-7E1BA2F680E4}.Debug|x86.Build.0 = Debug|Win32
		{AAA5CBBD-A5E5-4617-9CBB-7E1BA2F680E4}.Release|x64.ActiveCfg = Release|x64
		{AAA5CBBD-A5E5-4617-9CBB-7E1BA2F680E4}.Release|x64.Build.0 = Release|x64
		{AAA5CBBD-A5E5-4617-9CBB-7E1BA2F680E4}.Release|x86.ActiveCfg = Release|Win32
		{AAA5CBBD-A5E5-4617-9CBB-7E1BA2F680E4}.Release|x86.Build.0 = Release|Win32
	EndGlobalSection
	GlobalSection(SolutionProperties) = preSolution
		HideSolutionNode = FALSE
	EndGlobalSection
	GlobalSection(ExtensibilityGlobals) = postSolution
		SolutionGuid = {402AE28C-77E2-4863-A85C-8BE454D600C6}
	EndGlobalSection
EndGlobal
